
Microsoft Visual Studio Solution File, Format Version 12.00
# Visual Studio Version 17
VisualStudioVersion = 17.9.34723.18
MinimumVisualStudioVersion = 10.0.40219.1
Project("{FAE04EC0-301F-11D3-BF4B-00C04F79EFBC}") = "Myfirstapp", "Myfirstapp\Myfirstapp.csproj", "{955DE40B-C42C-4156-8003-CAFE92E78540}"
EndProject
Global
	GlobalSection(SolutionConfigurationPlatforms) = preSolution
		Debug|Any CPU = Debug|Any CPU
		Release|Any CPU = Release|Any CPU
	EndGlobalSection
	GlobalSection(ProjectConfigurationPlatforms) = postSolution
		{955DE40B-C42C-4156-8003-CAFE92E78540}.Debug|Any CPU.ActiveCfg = Debug|Any CPU
		{955DE40B-C42C-4156-8003-CAFE92E78540}.Debug|Any CPU.Build.0 = Debug|Any CPU
		{955DE40B-C42C-4156-8003-CAFE92E78540}.Release|Any CPU.ActiveCfg = Release|Any CPU
		{955DE40B-C42C-4156-8003-CAFE92E78540}.Release|Any CPU.Build.0 = Release|Any CPU
	EndGlobalSection
	GlobalSection(SolutionProperties) = preSolution
		HideSolutionNode = FALSE
	EndGlobalSection
	GlobalSection(ExtensibilityGlobals) = postSolution
		SolutionGuid = {CD7936A7-1C82-4D55-ACA1-444D3BA32A0D}
	EndGlobalSection
EndGlobal
